
Microsoft Visual Studio Solution File, Format Version 12.00
# Visual Studio 15
VisualStudioVersion = 15.0.27004.2005
MinimumVisualStudioVersion = 10.0.40219.1
Project("{FAE04EC0-301F-11D3-BF4B-00C04F79EFBC}") = "HomeworkAdvancedSelenium2", "HomeworkAdvancedSelenium2\HomeworkAdvancedSelenium2.csproj", "{87938CDE-EDE0-4A35-8FEA-4E2D04037E34}"
EndProject
Global
	GlobalSection(SolutionConfigurationPlatforms) = preSolution
		Debug|Any CPU = Debug|Any CPU
		Release|Any CPU = Release|Any CPU
	EndGlobalSection
	GlobalSection(ProjectConfigurationPlatforms) = postSolution
		{87938CDE-EDE0-4A35-8FEA-4E2D04037E34}.Debug|Any CPU.ActiveCfg = Debug|Any CPU
		{87938CDE-EDE0-4A35-8FEA-4E2D04037E34}.Debug|Any CPU.Build.0 = Debug|Any CPU
		{87938CDE-EDE0-4A35-8FEA-4E2D04037E34}.Release|Any CPU.ActiveCfg = Release|Any CPU
		{87938CDE-EDE0-4A35-8FEA-4E2D04037E34}.Release|Any CPU.Build.0 = Release|Any CPU
	EndGlobalSection
	GlobalSection(SolutionProperties) = preSolution
		HideSolutionNode = FALSE
	EndGlobalSection
	GlobalSection(ExtensibilityGlobals) = postSolution
		SolutionGuid = {EBAF1C2E-A658-4571-A097-98BB01BAE06A}
	EndGlobalSection
EndGlobal
